
Microsoft Visual Studio Solution File, Format Version 12.00
# Visual Studio Version 17
VisualStudioVersion = 17.0.31903.59
MinimumVisualStudioVersion = 10.0.40219.1
Project("{2150E333-8FDC-42A3-9474-1A3956D46DE8}") = "src", "src", "{72A5E490-AC1B-4147-9C34-F877F57A60E5}"
EndProject
Project("{FAE04EC0-301F-11D3-BF4B-00C04F79EFBC}") = "AuctionService", "src\AuctionService\AuctionService.csproj", "{699A4C47-4997-41C7-8CF2-E21BF104EFB3}"
EndProject
Global
	GlobalSection(SolutionConfigurationPlatforms) = preSolution
		Debug|Any CPU = Debug|Any CPU
		Release|Any CPU = Release|Any CPU
	EndGlobalSection
	GlobalSection(SolutionProperties) = preSolution
		HideSolutionNode = FALSE
	EndGlobalSection
	GlobalSection(ProjectConfigurationPlatforms) = postSolution
		{699A4C47-4997-41C7-8CF2-E21BF104EFB3}.Debug|Any CPU.ActiveCfg = Debug|Any CPU
		{699A4C47-4997-41C7-8CF2-E21BF104EFB3}.Debug|Any CPU.Build.0 = Debug|Any CPU
		{699A4C47-4997-41C7-8CF2-E21BF104EFB3}.Release|Any CPU.ActiveCfg = Release|Any CPU
		{699A4C47-4997-41C7-8CF2-E21BF104EFB3}.Release|Any CPU.Build.0 = Release|Any CPU
	EndGlobalSection
	GlobalSection(NestedProjects) = preSolution
		{699A4C47-4997-41C7-8CF2-E21BF104EFB3} = {72A5E490-AC1B-4147-9C34-F877F57A60E5}
	EndGlobalSection
EndGlobal
